// !$*UTF8*$!
{
	archiveVersion = 1;
	classes = {
	};
	objectVersion = 77;
	objects = {

/* Begin PBXBuildFile section */
		F47676282F55353B00696E28 /* FluidAudio in Frameworks */ = {isa = PBXBuildFile; productRef = F4D1A0022F4A0001006D8A00 /* FluidAudio */; };
/* End PBXBuildFile section */

/* Begin PBXContainerItemProxy section */
		F4C5EE022F3638BE006D8A00 /* PBXContainerItemProxy */ = {
			isa = PBXContainerItemProxy;
			containerPortal = F4C5EDEC2F3638BD006D8A00 /* Project object */;
			proxyType = 1;
			remoteGlobalIDString = F4C5EDF32F3638BD006D8A00;
			remoteInfo = TransFlow;
		};
		F4C5EE0C2F3638BE006D8A00 /* PBXContainerItemProxy */ = {
			isa = PBXContainerItemProxy;
			containerPortal = F4C5EDEC2F3638BD006D8A00 /* Project object */;
			proxyType = 1;
			remoteGlobalIDString = F4C5EDF32F3638BD006D8A00;
			remoteInfo = TransFlow;
		};
/* End PBXContainerItemProxy section */

/* Begin PBXFileReference section */
		F4C5EDF42F3638BD006D8A00 /* TransFlow.app */ = {isa = PBXFileReference; explicitFileType = wrapper.application; includeInIndex = 0; path = TransFlow.app; sourceTree = BUILT_PRODUCTS_DIR; };
		F4C5EE012F3638BE006D8A00 /* TransFlowTests.xctest */ = {isa = PBXFileReference; explicitFileType = wrapper.cfbundle; includeInIndex = 0; path = TransFlowTests.xctest; sourceTree = BUILT_PRODUCTS_DIR; };
		F4C5EE0B2F3638BE006D8A00 /* TransFlowUITests.xctest */ = {isa = PBXFileReference; explicitFileType = wrapper.cfbundle; includeInIndex = 0; path = TransFlowUITests.xctest; sourceTree = BUILT_PRODUCTS_DIR; };
/* End PBXFileReference section */

/* Begin PBXFileSystemSynchronizedBuildFileExceptionSet section */
		F4C5EF002F363900006D8A00 /* Exceptions for "TransFlow" folder in "TransFlow" target */ = {
			isa = PBXFileSystemSynchronizedBuildFileExceptionSet;
			membershipExceptions = (
				Info.plist,
			);
			target = F4C5EDF32F3638BD006D8A00 /* TransFlow */;
		};
/* End PBXFileSystemSynchronizedBuildFileExceptionSet section */

/* Begin PBXFileSystemSynchronizedRootGroup section */
		F4C5EDF62F3638BD006D8A00 /* TransFlow */ = {
			isa = PBXFileSystemSynchronizedRootGroup;
			exceptions = (
				F4C5EF002F363900006D8A00 /* Exceptions for "TransFlow" folder in "TransFlow" target */,
			);
			path = TransFlow;
			sourceTree = "<group>";
		};
		F4C5EE042F3638BE006D8A00 /* TransFlowTests */ = {
			isa = PBXFileSystemSynchronizedRootGroup;
			path = TransFlowTests;
			sourceTree = "<group>";
		};
		F4C5EE0E2F3638BE006D8A00 /* TransFlowUITests */ = {
			isa = PBXFileSystemSynchronizedRootGroup;
			path = TransFlowUITests;
			sourceTree = "<group>";
		};
/* End PBXFileSystemSynchronizedRootGroup section */

/* Begin PBXFrameworksBuildPhase section */
		F4C5EDF12F3638BD006D8A00 /* Frameworks */ = {
			isa = PBXFrameworksBuildPhase;
			buildActionMask = 2147483647;
			files = (
				F47676282F55353B00696E28 /* FluidAudio in Frameworks */,
			);
			runOnlyForDeploymentPostprocessing = 0;
		};
		F4C5EDFE2F3638BE006D8A00 /* Frameworks */ = {
			isa = PBXFrameworksBuildPhase;
			buildActionMask = 2147483647;
			files = (
			);
			runOnlyForDeploymentPostprocessing = 0;
		};
		F4C5EE082F3638BE006D8A00 /* Frameworks */ = {
			isa = PBXFrameworksBuildPhase;
			buildActionMask = 2147483647;
			files = (
			);
			runOnlyForDeploymentPostprocessing = 0;
		};
/* End PBXFrameworksBuildPhase section */

/* Begin PBXGroup section */
		F4C5EDEB2F3638BD006D8A00 = {
			isa = PBXGroup;
			children = (
				F4C5EDF62F3638BD006D8A00 /* TransFlow */,
				F4C5EE042F3638BE006D8A00 /* TransFlowTests */,
				F4C5EE0E2F3638BE006D8A00 /* TransFlowUITests */,
				F4C5EDF52F3638BD006D8A00 /* Products */,
			);
			sourceTree = "<group>";
		};
		F4C5EDF52F3638BD006D8A00 /* Products */ = {
			isa = PBXGroup;
			children = (
				F4C5EDF42F3638BD006D8A00 /* TransFlow.app */,
				F4C5EE012F3638BE006D8A00 /* TransFlowTests.xctest */,
				F4C5EE0B2F3638BE006D8A00 /* TransFlowUITests.xctest */,
			);
			name = Products;
			sourceTree = "<group>";
		};
/* End PBXGroup section */

/* Begin PBXNativeTarget section */
		F4C5EDF32F3638BD006D8A00 /* TransFlow */ = {
			isa = PBXNativeTarget;
			buildConfigurationList = F4C5EE152F3638BE006D8A00 /* Build configuration list for PBXNativeTarget "TransFlow" */;
			buildPhases = (
				F4C5EDF02F3638BD006D8A00 /* Sources */,
				F4C5EDF12F3638BD006D8A00 /* Frameworks */,
				F4C5EDF22F3638BD006D8A00 /* Resources */,
			);
			buildRules = (
			);
			dependencies = (
			);
			fileSystemSynchronizedGroups = (
				F4C5EDF62F3638BD006D8A00 /* TransFlow */,
			);
			name = TransFlow;
			packageProductDependencies = (
				F4D1A0022F4A0001006D8A00 /* FluidAudio */,
			);
			productName = TransFlow;
			productReference = F4C5EDF42F3638BD006D8A00 /* TransFlow.app */;
			productType = "com.apple.product-type.application";
		};
		F4C5EE002F3638BE006D8A00 /* TransFlowTests */ = {
			isa = PBXNativeTarget;
			buildConfigurationList = F4C5EE182F3638BE006D8A00 /* Build configuration list for PBXNativeTarget "TransFlowTests" */;
			buildPhases = (
				F4C5EDFD2F3638BE006D8A00 /* Sources */,
				F4C5EDFE2F3638BE006D8A00 /* Frameworks */,
				F4C5EDFF2F3638BE006D8A00 /* Resources */,
			);
			buildRules = (
			);
			dependencies = (
				F4C5EE032F3638BE006D8A00 /* PBXTargetDependency */,
			);
			fileSystemSynchronizedGroups = (
				F4C5EE042F3638BE006D8A00 /* TransFlowTests */,
			);
			name = TransFlowTests;
			packageProductDependencies = (
			);
			productName = TransFlowTests;
			productReference = F4C5EE012F3638BE006D8A00 /* TransFlowTests.xctest */;
			productType = "com.apple.product-type.bundle.unit-test";
		};
		F4C5EE0A2F3638BE006D8A00 /* TransFlowUITests */ = {
			isa = PBXNativeTarget;
			buildConfigurationList = F4C5EE1B2F3638BE006D8A00 /* Build configuration list for PBXNativeTarget "TransFlowUITests" */;
			buildPhases = (
				F4C5EE072F3638BE006D8A00 /* Sources */,
				F4C5EE082F3638BE006D8A00 /* Frameworks */,
				F4C5EE092F3638BE006D8A00 /* Resources */,
			);
			buildRules = (
			);
			dependencies = (
				F4C5EE0D2F3638BE006D8A00 /* PBXTargetDependency */,
			);
			fileSystemSynchronizedGroups = (
				F4C5EE0E2F3638BE006D8A00 /* TransFlowUITests */,
			);
			name = TransFlowUITests;
			packageProductDependencies = (
			);
			productName = TransFlowUITests;
			productReference = F4C5EE0B2F3638BE006D8A00 /* TransFlowUITests.xctest */;
			productType = "com.apple.product-type.bundle.ui-testing";
		};
/* End PBXNativeTarget section */

/* Begin PBXProject section */
		F4C5EDEC2F3638BD006D8A00 /* Project object */ = {
			isa = PBXProject;
			attributes = {
				BuildIndependentTargetsInParallel = 1;
				LastSwiftUpdateCheck = 2620;
				LastUpgradeCheck = 2620;
				TargetAttributes = {
					F4C5EDF32F3638BD006D8A00 = {
						CreatedOnToolsVersion = 26.2;
					};
					F4C5EE002F3638BE006D8A00 = {
						CreatedOnToolsVersion = 26.2;
						TestTargetID = F4C5EDF32F3638BD006D8A00;
					};
					F4C5EE0A2F3638BE006D8A00 = {
						CreatedOnToolsVersion = 26.2;
						TestTargetID = F4C5EDF32F3638BD006D8A00;
					};
				};
			};
			buildConfigurationList = F4C5EDEF2F3638BD006D8A00 /* Build configuration list for PBXProject "TransFlow" */;
			developmentRegion = en;
			hasScannedForEncodings = 0;
			knownRegions = (
				en,
				"zh-Hans",
				Base,
			);
			mainGroup = F4C5EDEB2F3638BD006D8A00;
			minimizedProjectReferenceProxies = 1;
			packageReferences = (
				F4D1A0012F4A0000006D8A00 /* XCRemoteSwiftPackageReference "FluidAudio" */,
			);
			preferredProjectObjectVersion = 77;
			productRefGroup = F4C5EDF52F3638BD006D8A00 /* Products */;
			projectDirPath = "";
			projectRoot = "";
			targets = (
				F4C5EDF32F3638BD006D8A00 /* TransFlow */,
				F4C5EE002F3638BE006D8A00 /* TransFlowTests */,
				F4C5EE0A2F3638BE006D8A00 /* TransFlowUITests */,
			);
		};
/* End PBXProject section */

/* Begin PBXResourcesBuildPhase section */
		F4C5EDF22F3638BD006D8A00 /* Resources */ = {
			isa = PBXResourcesBuildPhase;
			buildActionMask = 2147483647;
			files = (
			);
			runOnlyForDeploymentPostprocessing = 0;
		};
		F4C5EDFF2F3638BE006D8A00 /* Resources */ = {
			isa = PBXResourcesBuildPhase;
			buildActionMask = 2147483647;
			files = (
			);
			runOnlyForDeploymentPostprocessing = 0;
		};
		F4C5EE092F3638BE006D8A00 /* Resources */ = {
			isa = PBXResourcesBuildPhase;
			buildActionMask = 2147483647;
			files = (
			);
			runOnlyForDeploymentPostprocessing = 0;
		};
/* End PBXResourcesBuildPhase section */

/* Begin PBXSourcesBuildPhase section */
		F4C5EDF02F3638BD006D8A00 /* Sources */ = {
			isa = PBXSourcesBuildPhase;
			buildActionMask = 2147483647;
			files = (
			);
			runOnlyForDeploymentPostprocessing = 0;
		};
		F4C5EDFD2F3638BE006D8A00 /* Sources */ = {
			isa = PBXSourcesBuildPhase;
			buildActionMask = 2147483647;
			files = (
			);
			runOnlyForDeploymentPostprocessing = 0;
		};
		F4C5EE072F3638BE006D8A00 /* Sources */ = {
			isa = PBXSourcesBuildPhase;
			buildActionMask = 2147483647;
			files = (
			);
			runOnlyForDeploymentPostprocessing = 0;
		};
/* End PBXSourcesBuildPhase section */

/* Begin PBXTargetDependency section */
		F4C5EE032F3638BE006D8A00 /* PBXTargetDependency */ = {
			isa = PBXTargetDependency;
			target = F4C5EDF32F3638BD006D8A00 /* TransFlow */;
			targetProxy = F4C5EE022F3638BE006D8A00 /* PBXContainerItemProxy */;
		};
		F4C5EE0D2F3638BE006D8A00 /* PBXTargetDependency */ = {
			isa = PBXTargetDependency;
			target = F4C5EDF32F3638BD006D8A00 /* TransFlow */;
			targetProxy = F4C5EE0C2F3638BE006D8A00 /* PBXContainerItemProxy */;
		};
/* End PBXTargetDependency section */

/* Begin XCBuildConfiguration section */
		F4C5EE132F3638BE006D8A00 /* Debug */ = {
			isa = XCBuildConfiguration;
			buildSettings = {
				ALWAYS_SEARCH_USER_PATHS = NO;
				ASSETCATALOG_COMPILER_GENERATE_SWIFT_ASSET_SYMBOL_EXTENSIONS = YES;
				CLANG_ANALYZER_NONNULL = YES;
				CLANG_ANALYZER_NUMBER_OBJECT_CONVERSION = YES_AGGRESSIVE;
				CLANG_CXX_LANGUAGE_STANDARD = "gnu++20";
				CLANG_ENABLE_MODULES = YES;
				CLANG_ENABLE_OBJC_ARC = YES;
				CLANG_ENABLE_OBJC_WEAK = YES;
				CLANG_WARN_BLOCK_CAPTURE_AUTORELEASING = YES;
				CLANG_WARN_BOOL_CONVERSION = YES;
				CLANG_WARN_COMMA = YES;
				CLANG_WARN_CONSTANT_CONVERSION = YES;
				CLANG_WARN_DEPRECATED_OBJC_IMPLEMENTATIONS = YES;
				CLANG_WARN_DIRECT_OBJC_ISA_USAGE = YES_ERROR;
				CLANG_WARN_DOCUMENTATION_COMMENTS = YES;
				CLANG_WARN_EMPTY_BODY = YES;
				CLANG_WARN_ENUM_CONVERSION = YES;
				CLANG_WARN_INFINITE_RECURSION = YES;
				CLANG_WARN_INT_CONVERSION = YES;
				CLANG_WARN_NON_LITERAL_NULL_CONVERSION = YES;
				CLANG_WARN_OBJC_IMPLICIT_RETAIN_SELF = YES;
				CLANG_WARN_OBJC_LITERAL_CONVERSION = YES;
				CLANG_WARN_OBJC_ROOT_CLASS = YES_ERROR;
				CLANG_WARN_QUOTED_INCLUDE_IN_FRAMEWORK_HEADER = YES;
				CLANG_WARN_RANGE_LOOP_ANALYSIS = YES;
				CLANG_WARN_STRICT_PROTOTYPES = YES;
				CLANG_WARN_SUSPICIOUS_MOVE = YES;
				CLANG_WARN_UNGUARDED_AVAILABILITY = YES_AGGRESSIVE;
				CLANG_WARN_UNREACHABLE_CODE = YES;
				CLANG_WARN__DUPLICATE_METHOD_MATCH = YES;
				COPY_PHASE_STRIP = NO;
				DEBUG_INFORMATION_FORMAT = dwarf;
				ENABLE_STRICT_OBJC_MSGSEND = YES;
				ENABLE_TESTABILITY = YES;
				ENABLE_USER_SCRIPT_SANDBOXING = YES;
				GCC_C_LANGUAGE_STANDARD = gnu17;
				GCC_DYNAMIC_NO_PIC = NO;
				GCC_NO_COMMON_BLOCKS = YES;
				GCC_OPTIMIZATION_LEVEL = 0;
				GCC_PREPROCESSOR_DEFINITIONS = (
					"DEBUG=1",
					"$(inherited)",
				);
				GCC_WARN_64_TO_32_BIT_CONVERSION = YES;
				GCC_WARN_ABOUT_RETURN_TYPE = YES_ERROR;
				GCC_WARN_UNDECLARED_SELECTOR = YES;
				GCC_WARN_UNINITIALIZED_AUTOS = YES_AGGRESSIVE;
				GCC_WARN_UNUSED_FUNCTION = YES;
				GCC_WARN_UNUSED_VARIABLE = YES;
				LOCALIZATION_PREFERS_STRING_CATALOGS = YES;
				MACOSX_DEPLOYMENT_TARGET = 26.0;
				MTL_ENABLE_DEBUG_INFO = INCLUDE_SOURCE;
				MTL_FAST_MATH = YES;
				ONLY_ACTIVE_ARCH = YES;
				SDKROOT = macosx;
				SWIFT_ACTIVE_COMPILATION_CONDITIONS = "DEBUG $(inherited)";
				SWIFT_OPTIMIZATION_LEVEL = "-Onone";
			};
			name = Debug;
		};
		F4C5EE142F3638BE006D8A00 /* Release */ = {
			isa = XCBuildConfiguration;
			buildSettings = {
				ALWAYS_SEARCH_USER_PATHS = NO;
				ASSETCATALOG_COMPILER_GENERATE_SWIFT_ASSET_SYMBOL_EXTENSIONS = YES;
				CLANG_ANALYZER_NONNULL = YES;
				CLANG_ANALYZER_NUMBER_OBJECT_CONVERSION = YES_AGGRESSIVE;
				CLANG_CXX_LANGUAGE_STANDARD = "gnu++20";
				CLANG_ENABLE_MODULES = YES;
				CLANG_ENABLE_OBJC_ARC = YES;
				CLANG_ENABLE_OBJC_WEAK = YES;
				CLANG_WARN_BLOCK_CAPTURE_AUTORELEASING = YES;
				CLANG_WARN_BOOL_CONVERSION = YES;
				CLANG_WARN_COMMA = YES;
				CLANG_WARN_CONSTANT_CONVERSION = YES;
				CLANG_WARN_DEPRECATED_OBJC_IMPLEMENTATIONS = YES;
				CLANG_WARN_DIRECT_OBJC_ISA_USAGE = YES_ERROR;
				CLANG_WARN_DOCUMENTATION_COMMENTS = YES;
				CLANG_WARN_EMPTY_BODY = YES;
				CLANG_WARN_ENUM_CONVERSION = YES;
				CLANG_WARN_INFINITE_RECURSION = YES;
				CLANG_WARN_INT_CONVERSION = YES;
				CLANG_WARN_NON_LITERAL_NULL_CONVERSION = YES;
				CLANG_WARN_OBJC_IMPLICIT_RETAIN_SELF = YES;
				CLANG_WARN_OBJC_LITERAL_CONVERSION = YES;
				CLANG_WARN_OBJC_ROOT_CLASS = YES_ERROR;
				CLANG_WARN_QUOTED_INCLUDE_IN_FRAMEWORK_HEADER = YES;
				CLANG_WARN_RANGE_LOOP_ANALYSIS = YES;
				CLANG_WARN_STRICT_PROTOTYPES = YES;
				CLANG_WARN_SUSPICIOUS_MOVE = YES;
				CLANG_WARN_UNGUARDED_AVAILABILITY = YES_AGGRESSIVE;
				CLANG_WARN_UNREACHABLE_CODE = YES;
				CLANG_WARN__DUPLICATE_METHOD_MATCH = YES;
				COPY_PHASE_STRIP = NO;
				DEBUG_INFORMATION_FORMAT = "dwarf-with-dsym";
				ENABLE_NS_ASSERTIONS = NO;
				ENABLE_STRICT_OBJC_MSGSEND = YES;
				ENABLE_USER_SCRIPT_SANDBOXING = YES;
				GCC_C_LANGUAGE_STANDARD = gnu17;
				GCC_NO_COMMON_BLOCKS = YES;
				GCC_WARN_64_TO_32_BIT_CONVERSION = YES;
				GCC_WARN_ABOUT_RETURN_TYPE = YES_ERROR;
				GCC_WARN_UNDECLARED_SELECTOR = YES;
				GCC_WARN_UNINITIALIZED_AUTOS = YES_AGGRESSIVE;
				GCC_WARN_UNUSED_FUNCTION = YES;
				GCC_WARN_UNUSED_VARIABLE = YES;
				LOCALIZATION_PREFERS_STRING_CATALOGS = YES;
				MACOSX_DEPLOYMENT_TARGET = 26.0;
				MTL_ENABLE_DEBUG_INFO = NO;
				MTL_FAST_MATH = YES;
				SDKROOT = macosx;
				SWIFT_COMPILATION_MODE = wholemodule;
			};
			name = Release;
		};
		F4C5EE162F3638BE006D8A00 /* Debug */ = {
			isa = XCBuildConfiguration;
			buildSettings = {
				ASSETCATALOG_COMPILER_APPICON_NAME = AppIcon;
				ASSETCATALOG_COMPILER_GLOBAL_ACCENT_COLOR_NAME = AccentColor;
				CODE_SIGN_ENTITLEMENTS = TransFlow/TransFlow.entitlements;
				CODE_SIGN_STYLE = Automatic;
				COMBINE_HIDPI_IMAGES = YES;
				CURRENT_PROJECT_VERSION = 1;
				ENABLE_APP_SANDBOX = NO;
				ENABLE_PREVIEWS = YES;
				ENABLE_USER_SELECTED_FILES = "read-write";
				GENERATE_INFOPLIST_FILE = YES;
				INFOPLIST_FILE = TransFlow/Info.plist;
				INFOPLIST_KEY_NSHumanReadableCopyright = "";
				INFOPLIST_KEY_NSMicrophoneUsageDescription = "TransFlow needs microphone access to transcribe speech in real-time.";
				LD_RUNPATH_SEARCH_PATHS = (
					"$(inherited)",
					"@executable_path/../Frameworks",
				);
				MARKETING_VERSION = 1.4.2;
				PRODUCT_BUNDLE_IDENTIFIER = com.cyron.TransFlow;
				PRODUCT_NAME = "$(TARGET_NAME)";
				REGISTER_APP_GROUPS = YES;
				STRING_CATALOG_GENERATE_SYMBOLS = YES;
				SWIFT_APPROACHABLE_CONCURRENCY = YES;
				SWIFT_DEFAULT_ACTOR_ISOLATION = MainActor;
				SWIFT_EMIT_LOC_STRINGS = YES;
				SWIFT_STRICT_CONCURRENCY = complete;
				SWIFT_UPCOMING_FEATURE_MEMBER_IMPORT_VISIBILITY = YES;
				SWIFT_VERSION = 6.0;
			};
			name = Debug;
		};
		F4C5EE172F3638BE006D8A00 /* Release */ = {
			isa = XCBuildConfiguration;
			buildSettings = {
				ASSETCATALOG_COMPILER_APPICON_NAME = AppIcon;
				ASSETCATALOG_COMPILER_GLOBAL_ACCENT_COLOR_NAME = AccentColor;
				CODE_SIGN_ENTITLEMENTS = TransFlow/TransFlow.entitlements;
				CODE_SIGN_STYLE = Automatic;
				COMBINE_HIDPI_IMAGES = YES;
				CURRENT_PROJECT_VERSION = 1;
				ENABLE_APP_SANDBOX = NO;
				ENABLE_PREVIEWS = YES;
				ENABLE_USER_SELECTED_FILES = "read-write";
				GENERATE_INFOPLIST_FILE = YES;
				INFOPLIST_FILE = TransFlow/Info.plist;
				INFOPLIST_KEY_NSHumanReadableCopyright = "";
				INFOPLIST_KEY_NSMicrophoneUsageDescription = "TransFlow needs microphone access to transcribe speech in real-time.";
				LD_RUNPATH_SEARCH_PATHS = (
					"$(inherited)",
					"@executable_path/../Frameworks",
				);
				MARKETING_VERSION = 1.4.2;
				PRODUCT_BUNDLE_IDENTIFIER = com.cyron.TransFlow;
				PRODUCT_NAME = "$(TARGET_NAME)";
				REGISTER_APP_GROUPS = YES;
				STRING_CATALOG_GENERATE_SYMBOLS = YES;
				SWIFT_APPROACHABLE_CONCURRENCY = YES;
				SWIFT_DEFAULT_ACTOR_ISOLATION = MainActor;
				SWIFT_EMIT_LOC_STRINGS = YES;
				SWIFT_STRICT_CONCURRENCY = complete;
				SWIFT_UPCOMING_FEATURE_MEMBER_IMPORT_VISIBILITY = YES;
				SWIFT_VERSION = 6.0;
			};
			name = Release;
		};
		F4C5EE192F3638BE006D8A00 /* Debug */ = {
			isa = XCBuildConfiguration;
			buildSettings = {
				BUNDLE_LOADER = "$(TEST_HOST)";
				CODE_SIGN_STYLE = Automatic;
				CURRENT_PROJECT_VERSION = 1;
				GENERATE_INFOPLIST_FILE = YES;
				MACOSX_DEPLOYMENT_TARGET = 26.0;
				MARKETING_VERSION = 1.4.2;
				PRODUCT_BUNDLE_IDENTIFIER = com.cyron.TransFlowTests;
				PRODUCT_NAME = "$(TARGET_NAME)";
				STRING_CATALOG_GENERATE_SYMBOLS = NO;
				SWIFT_APPROACHABLE_CONCURRENCY = YES;
				SWIFT_EMIT_LOC_STRINGS = NO;
				SWIFT_UPCOMING_FEATURE_MEMBER_IMPORT_VISIBILITY = YES;
				SWIFT_VERSION = 5.0;
				TEST_HOST = "$(BUILT_PRODUCTS_DIR)/TransFlow.app/$(BUNDLE_EXECUTABLE_FOLDER_PATH)/TransFlow";
			};
			name = Debug;
		};
		F4C5EE1A2F3638BE006D8A00 /* Release */ = {
			isa = XCBuildConfiguration;
			buildSettings = {
				BUNDLE_LOADER = "$(TEST_HOST)";
				CODE_SIGN_STYLE = Automatic;
				CURRENT_PROJECT_VERSION = 1;
				GENERATE_INFOPLIST_FILE = YES;
				MACOSX_DEPLOYMENT_TARGET = 26.0;
				MARKETING_VERSION = 1.4.2;
				PRODUCT_BUNDLE_IDENTIFIER = com.cyron.TransFlowTests;
				PRODUCT_NAME = "$(TARGET_NAME)";
				STRING_CATALOG_GENERATE_SYMBOLS = NO;
				SWIFT_APPROACHABLE_CONCURRENCY = YES;
				SWIFT_EMIT_LOC_STRINGS = NO;
				SWIFT_UPCOMING_FEATURE_MEMBER_IMPORT_VISIBILITY = YES;
				SWIFT_VERSION = 5.0;
				TEST_HOST = "$(BUILT_PRODUCTS_DIR)/TransFlow.app/$(BUNDLE_EXECUTABLE_FOLDER_PATH)/TransFlow";
			};
			name = Release;
		};
		F4C5EE1C2F3638BE006D8A00 /* Debug */ = {
			isa = XCBuildConfiguration;
			buildSettings = {
				CODE_SIGN_STYLE = Automatic;
				CURRENT_PROJECT_VERSION = 1;
				GENERATE_INFOPLIST_FILE = YES;
				MARKETING_VERSION = 1.4.2;
				PRODUCT_BUNDLE_IDENTIFIER = com.cyron.TransFlowUITests;
				PRODUCT_NAME = "$(TARGET_NAME)";
				STRING_CATALOG_GENERATE_SYMBOLS = NO;
				SWIFT_APPROACHABLE_CONCURRENCY = YES;
				SWIFT_EMIT_LOC_STRINGS = NO;
				SWIFT_UPCOMING_FEATURE_MEMBER_IMPORT_VISIBILITY = YES;
				SWIFT_VERSION = 5.0;
				TEST_TARGET_NAME = TransFlow;
			};
			name = Debug;
		};
		F4C5EE1D2F3638BE006D8A00 /* Release */ = {
			isa = XCBuildConfiguration;
			buildSettings = {
				CODE_SIGN_STYLE = Automatic;
				CURRENT_PROJECT_VERSION = 1;
				GENERATE_INFOPLIST_FILE = YES;
				MARKETING_VERSION = 1.4.2;
				PRODUCT_BUNDLE_IDENTIFIER = com.cyron.TransFlowUITests;
				PRODUCT_NAME = "$(TARGET_NAME)";
				STRING_CATALOG_GENERATE_SYMBOLS = NO;
				SWIFT_APPROACHABLE_CONCURRENCY = YES;
				SWIFT_EMIT_LOC_STRINGS = NO;
				SWIFT_UPCOMING_FEATURE_MEMBER_IMPORT_VISIBILITY = YES;
				SWIFT_VERSION = 5.0;
				TEST_TARGET_NAME = TransFlow;
			};
			name = Release;
		};
/* End XCBuildConfiguration section */

/* Begin XCConfigurationList section */
		F4C5EDEF2F3638BD006D8A00 /* Build configuration list for PBXProject "TransFlow" */ = {
			isa = XCConfigurationList;
			buildConfigurations = (
				F4C5EE132F3638BE006D8A00 /* Debug */,
				F4C5EE142F3638BE006D8A00 /* Release */,
			);
			defaultConfigurationIsVisible = 0;
			defaultConfigurationName = Release;
		};
		F4C5EE152F3638BE006D8A00 /* Build configuration list for PBXNativeTarget "TransFlow" */ = {
			isa = XCConfigurationList;
			buildConfigurations = (
				F4C5EE162F3638BE006D8A00 /* Debug */,
				F4C5EE172F3638BE006D8A00 /* Release */,
			);
			defaultConfigurationIsVisible = 0;
			defaultConfigurationName = Release;
		};
		F4C5EE182F3638BE006D8A00 /* Build configuration list for PBXNativeTarget "TransFlowTests" */ = {
			isa = XCConfigurationList;
			buildConfigurations = (
				F4C5EE192F3638BE006D8A00 /* Debug */,
				F4C5EE1A2F3638BE006D8A00 /* Release */,
			);
			defaultConfigurationIsVisible = 0;
			defaultConfigurationName = Release;
		};
		F4C5EE1B2F3638BE006D8A00 /* Build configuration list for PBXNativeTarget "TransFlowUITests" */ = {
			isa = XCConfigurationList;
			buildConfigurations = (
				F4C5EE1C2F3638BE006D8A00 /* Debug */,
				F4C5EE1D2F3638BE006D8A00 /* Release */,
			);
			defaultConfigurationIsVisible = 0;
			defaultConfigurationName = Release;
		};
/* End XCConfigurationList section */

/* Begin XCRemoteSwiftPackageReference section */
		F4D1A0012F4A0000006D8A00 /* XCRemoteSwiftPackageReference "FluidAudio" */ = {
			isa = XCRemoteSwiftPackageReference;
			repositoryURL = "https://github.com/FluidInference/FluidAudio.git";
			requirement = {
				kind = upToNextMajorVersion;
				minimumVersion = 0.12.1;
			};
		};
/* End XCRemoteSwiftPackageReference section */

/* Begin XCSwiftPackageProductDependency section */
		F4D1A0022F4A0001006D8A00 /* FluidAudio */ = {
			isa = XCSwiftPackageProductDependency;
			package = F4D1A0012F4A0000006D8A00 /* XCRemoteSwiftPackageReference "FluidAudio" */;
			productName = FluidAudio;
		};
/* End XCSwiftPackageProductDependency section */
	};
	rootObject = F4C5EDEC2F3638BD006D8A00 /* Project object */;
}
